
Microsoft Visual Studio Solution File, Format Version 12.00
# Visual Studio Version 17
VisualStudioVersion = 17.3.32811.315
MinimumVisualStudioVersion = 10.0.40219.1
Project("{FAE04EC0-301F-11D3-BF4B-00C04F79EFBC}") = "MVCWebApplicationHTD", "MVCWebApplicationHTD\MVCWebApplicationHTD.csproj", "{CCC7F38D-0F67-45A0-893C-87B1E0430B4C}"
EndProject
Global
	GlobalSection(SolutionConfigurationPlatforms) = preSolution
		Debug|Any CPU = Debug|Any CPU
		Release|Any CPU = Release|Any CPU
	EndGlobalSection
	GlobalSection(ProjectConfigurationPlatforms) = postSolution
		{CCC7F38D-0F67-45A0-893C-87B1E0430B4C}.Debug|Any CPU.ActiveCfg = Debug|Any CPU
		{CCC7F38D-0F67-45A0-893C-87B1E0430B4C}.Debug|Any CPU.Build.0 = Debug|Any CPU
		{CCC7F38D-0F67-45A0-893C-87B1E0430B4C}.Release|Any CPU.ActiveCfg = Release|Any CPU
		{CCC7F38D-0F67-45A0-893C-87B1E0430B4C}.Release|Any CPU.Build.0 = Release|Any CPU
	EndGlobalSection
	GlobalSection(SolutionProperties) = preSolution
		HideSolutionNode = FALSE
	EndGlobalSection
	GlobalSection(ExtensibilityGlobals) = postSolution
		SolutionGuid = {9512CCFD-B1F3-4843-9FDC-7740E1EA8F7E}
	EndGlobalSection
EndGlobal
