
Microsoft Visual Studio Solution File, Format Version 12.00
# Visual Studio Version 17
VisualStudioVersion = 17.2.32630.192
MinimumVisualStudioVersion = 10.0.40219.1
Project("{FAE04EC0-301F-11D3-BF4B-00C04F79EFBC}") = "WindowForm16", "WindowForm16\WindowForm16.csproj", "{A1C76F22-B21F-4F45-8FAC-AB84407D0B55}"
EndProject
Global
	GlobalSection(SolutionConfigurationPlatforms) = preSolution
		Debug|Any CPU = Debug|Any CPU
		Release|Any CPU = Release|Any CPU
	EndGlobalSection
	GlobalSection(ProjectConfigurationPlatforms) = postSolution
		{A1C76F22-B21F-4F45-8FAC-AB84407D0B55}.Debug|Any CPU.ActiveCfg = Debug|Any CPU
		{A1C76F22-B21F-4F45-8FAC-AB84407D0B55}.Debug|Any CPU.Build.0 = Debug|Any CPU
		{A1C76F22-B21F-4F45-8FAC-AB84407D0B55}.Release|Any CPU.ActiveCfg = Release|Any CPU
		{A1C76F22-B21F-4F45-8FAC-AB84407D0B55}.Release|Any CPU.Build.0 = Release|Any CPU
	EndGlobalSection
	GlobalSection(SolutionProperties) = preSolution
		HideSolutionNode = FALSE
	EndGlobalSection
	GlobalSection(ExtensibilityGlobals) = postSolution
		SolutionGuid = {E9376825-452E-48C5-8419-07B3ABC83A6D}
	EndGlobalSection
EndGlobal
